// !$*UTF8*$!
{
	archiveVersion = 1;
	classes = {
	};
	objectVersion = 46;
	objects = {

/* Begin PBXBuildFile section */
		0207EC391EBBD87F00A1C9F3 /* AppDelegate.swift in Sources */ = {isa = PBXBuildFile; fileRef = 0207EC381EBBD87F00A1C9F3 /* AppDelegate.swift */; };
		0207EC3E1EBBD87F00A1C9F3 /* Main.storyboard in Resources */ = {isa = PBXBuildFile; fileRef = 0207EC3C1EBBD87F00A1C9F3 /* Main.storyboard */; };
		0207EC431EBBD87F00A1C9F3 /* Assets.xcassets in Resources */ = {isa = PBXBuildFile; fileRef = 0207EC421EBBD87F00A1C9F3 /* Assets.xcassets */; };
		0207EC461EBBD87F00A1C9F3 /* LaunchScreen.storyboard in Resources */ = {isa = PBXBuildFile; fileRef = 0207EC441EBBD87F00A1C9F3 /* LaunchScreen.storyboard */; };
		0207EC511EBBD87F00A1C9F3 /* My_MusicTests.swift in Sources */ = {isa = PBXBuildFile; fileRef = 0207EC501EBBD87F00A1C9F3 /* My_MusicTests.swift */; };
		0207EC5C1EBBD87F00A1C9F3 /* My_MusicUITests.swift in Sources */ = {isa = PBXBuildFile; fileRef = 0207EC5B1EBBD87F00A1C9F3 /* My_MusicUITests.swift */; };
		0207EC701EBBDB8600A1C9F3 /* AddAlbumVC.swift in Sources */ = {isa = PBXBuildFile; fileRef = 0207EC6F1EBBDB8600A1C9F3 /* AddAlbumVC.swift */; };
		020908321EC0779C0006EDE1 /* MusicDatabase.xcdatamodeld in Sources */ = {isa = PBXBuildFile; fileRef = 020908301EC0779C0006EDE1 /* MusicDatabase.xcdatamodeld */; };
		0209083F1EC0797E0006EDE1 /* Album+CoreDataClass.swift in Sources */ = {isa = PBXBuildFile; fileRef = 0209083B1EC0797E0006EDE1 /* Album+CoreDataClass.swift */; };
		020908401EC0797E0006EDE1 /* Album+CoreDataProperties.swift in Sources */ = {isa = PBXBuildFile; fileRef = 0209083C1EC0797E0006EDE1 /* Album+CoreDataProperties.swift */; };
		020908411EC0797E0006EDE1 /* Track+CoreDataClass.swift in Sources */ = {isa = PBXBuildFile; fileRef = 0209083D1EC0797E0006EDE1 /* Track+CoreDataClass.swift */; };
		020908421EC0797E0006EDE1 /* Track+CoreDataProperties.swift in Sources */ = {isa = PBXBuildFile; fileRef = 0209083E1EC0797E0006EDE1 /* Track+CoreDataProperties.swift */; };
		020908441EC0944D0006EDE1 /* MainCell.swift in Sources */ = {isa = PBXBuildFile; fileRef = 020908431EC0944D0006EDE1 /* MainCell.swift */; };
		020908461EC0AFEB0006EDE1 /* SectionHeaderView.swift in Sources */ = {isa = PBXBuildFile; fileRef = 020908451EC0AFEB0006EDE1 /* SectionHeaderView.swift */; };
		020908491EC1F6DC0006EDE1 /* TopAlbum.swift in Sources */ = {isa = PBXBuildFile; fileRef = 020908481EC1F6DC0006EDE1 /* TopAlbum.swift */; };
		023674821EBEB351006DCC50 /* ImageCache.swift in Sources */ = {isa = PBXBuildFile; fileRef = 023674811EBEB351006DCC50 /* ImageCache.swift */; };
		023674841EBFC634006DCC50 /* Utils.swift in Sources */ = {isa = PBXBuildFile; fileRef = 023674831EBFC634006DCC50 /* Utils.swift */; };
		023674861EBFCA62006DCC50 /* Album+Functions.swift in Sources */ = {isa = PBXBuildFile; fileRef = 023674851EBFCA62006DCC50 /* Album+Functions.swift */; };
		0236748A1EBFF141006DCC50 /* Track+Functions.swift in Sources */ = {isa = PBXBuildFile; fileRef = 023674891EBFF141006DCC50 /* Track+Functions.swift */; };
		02A78C071EBC9F5F001F110B /* Constants.swift in Sources */ = {isa = PBXBuildFile; fileRef = 02A78C061EBC9F5F001F110B /* Constants.swift */; };
		02A78C0B1EBCC424001F110B /* AlbumModel.swift in Sources */ = {isa = PBXBuildFile; fileRef = 02A78C0A1EBCC424001F110B /* AlbumModel.swift */; };
		02A78C0D1EBCCA39001F110B /* ApiService.swift in Sources */ = {isa = PBXBuildFile; fileRef = 02A78C0C1EBCCA39001F110B /* ApiService.swift */; };
		02A78C101EBCDA00001F110B /* AlbumCell.swift in Sources */ = {isa = PBXBuildFile; fileRef = 02A78C0F1EBCDA00001F110B /* AlbumCell.swift */; };
		02A78C131EBD60B3001F110B /* DetailViewController.swift in Sources */ = {isa = PBXBuildFile; fileRef = 02A78C121EBD60B3001F110B /* DetailViewController.swift */; };
		02A78C171EBDD4B4001F110B /* GradientView.swift in Sources */ = {isa = PBXBuildFile; fileRef = 02A78C161EBDD4B4001F110B /* GradientView.swift */; };
		02A78C191EBDD9C4001F110B /* DataLoadOperation.swift in Sources */ = {isa = PBXBuildFile; fileRef = 02A78C181EBDD9C4001F110B /* DataLoadOperation.swift */; };
		02AB38701EBE4F4E00D4A3D3 /* AlbumDetailsVC.swift in Sources */ = {isa = PBXBuildFile; fileRef = 02AB386F1EBE4F4E00D4A3D3 /* AlbumDetailsVC.swift */; };
		02AB38721EBE7F8C00D4A3D3 /* TrackModel.swift in Sources */ = {isa = PBXBuildFile; fileRef = 02AB38711EBE7F8C00D4A3D3 /* TrackModel.swift */; };
		02BDB0011EBE135F0024391D /* MainVC.swift in Sources */ = {isa = PBXBuildFile; fileRef = 02BDB0001EBE135F0024391D /* MainVC.swift */; };
		182FD94CDD520E050A71ED94 /* Pods_My_MusicUITests.framework in Frameworks */ = {isa = PBXBuildFile; fileRef = 39D6D11DAA7744B839657872 /* Pods_My_MusicUITests.framework */; };
		3CB906406A74620B59453F64 /* Pods_My_Music.framework in Frameworks */ = {isa = PBXBuildFile; fileRef = 9E20F08DC8D3C234E1DCE7C8 /* Pods_My_Music.framework */; };
		C540F01CC91DB4F16D39C0CA /* Pods_My_MusicTests.framework in Frameworks */ = {isa = PBXBuildFile; fileRef = 0E5A0D753BF2763804976548 /* Pods_My_MusicTests.framework */; };
/* End PBXBuildFile section */

/* Begin PBXContainerItemProxy section */
		0207EC4D1EBBD87F00A1C9F3 /* PBXContainerItemProxy */ = {
			isa = PBXContainerItemProxy;
			containerPortal = 0207EC2D1EBBD87F00A1C9F3 /* Project object */;
			proxyType = 1;
			remoteGlobalIDString = 0207EC341EBBD87F00A1C9F3;
			remoteInfo = "My Music";
		};
		0207EC581EBBD87F00A1C9F3 /* PBXContainerItemProxy */ = {
			isa = PBXContainerItemProxy;
			containerPortal = 0207EC2D1EBBD87F00A1C9F3 /* Project object */;
			proxyType = 1;
			remoteGlobalIDString = 0207EC341EBBD87F00A1C9F3;
			remoteInfo = "My Music";
		};
/* End PBXContainerItemProxy section */

/* Begin PBXFileReference section */
		0077B8DFBD9BE1C93A9828A8 /* Pods-My MusicUITests.debug.xcconfig */ = {isa = PBXFileReference; includeInIndex = 1; lastKnownFileType = text.xcconfig; name = "Pods-My MusicUITests.debug.xcconfig"; path = "Pods/Target Support Files/Pods-My MusicUITests/Pods-My MusicUITests.debug.xcconfig"; sourceTree = "<group>"; };
		01958898D52BE37A4351555D /* Pods-My Music.release.xcconfig */ = {isa = PBXFileReference; includeInIndex = 1; lastKnownFileType = text.xcconfig; name = "Pods-My Music.release.xcconfig"; path = "Pods/Target Support Files/Pods-My Music/Pods-My Music.release.xcconfig"; sourceTree = "<group>"; };
		0207EC351EBBD87F00A1C9F3 /* My Music.app */ = {isa = PBXFileReference; explicitFileType = wrapper.application; includeInIndex = 0; path = "My Music.app"; sourceTree = BUILT_PRODUCTS_DIR; };
		0207EC381EBBD87F00A1C9F3 /* AppDelegate.swift */ = {isa = PBXFileReference; lastKnownFileType = sourcecode.swift; path = AppDelegate.swift; sourceTree = "<group>"; };
		0207EC3D1EBBD87F00A1C9F3 /* Base */ = {isa = PBXFileReference; lastKnownFileType = file.storyboard; name = Base; path = Base.lproj/Main.storyboard; sourceTree = "<group>"; };
		0207EC421EBBD87F00A1C9F3 /* Assets.xcassets */ = {isa = PBXFileReference; lastKnownFileType = folder.assetcatalog; path = Assets.xcassets; sourceTree = "<group>"; };
		0207EC451EBBD87F00A1C9F3 /* Base */ = {isa = PBXFileReference; lastKnownFileType = file.storyboard; name = Base; path = Base.lproj/LaunchScreen.storyboard; sourceTree = "<group>"; };
		0207EC471EBBD87F00A1C9F3 /* Info.plist */ = {isa = PBXFileReference; lastKnownFileType = text.plist.xml; path = Info.plist; sourceTree = "<group>"; };
		0207EC4C1EBBD87F00A1C9F3 /* My MusicTests.xctest */ = {isa = PBXFileReference; explicitFileType = wrapper.cfbundle; includeInIndex = 0; path = "My MusicTests.xctest"; sourceTree = BUILT_PRODUCTS_DIR; };
		0207EC501EBBD87F00A1C9F3 /* My_MusicTests.swift */ = {isa = PBXFileReference; lastKnownFileType = sourcecode.swift; path = My_MusicTests.swift; sourceTree = "<group>"; };
		0207EC521EBBD87F00A1C9F3 /* Info.plist */ = {isa = PBXFileReference; lastKnownFileType = text.plist.xml; path = Info.plist; sourceTree = "<group>"; };
		0207EC571EBBD87F00A1C9F3 /* My MusicUITests.xctest */ = {isa = PBXFileReference; explicitFileType = wrapper.cfbundle; includeInIndex = 0; path = "My MusicUITests.xctest"; sourceTree = BUILT_PRODUCTS_DIR; };
		0207EC5B1EBBD87F00A1C9F3 /* My_MusicUITests.swift */ = {isa = PBXFileReference; lastKnownFileType = sourcecode.swift; path = My_MusicUITests.swift; sourceTree = "<group>"; };
		0207EC5D1EBBD87F00A1C9F3 /* Info.plist */ = {isa = PBXFileReference; lastKnownFileType = text.plist.xml; path = Info.plist; sourceTree = "<group>"; };
		0207EC6F1EBBDB8600A1C9F3 /* AddAlbumVC.swift */ = {isa = PBXFileReference; fileEncoding = 4; lastKnownFileType = sourcecode.swift; path = AddAlbumVC.swift; sourceTree = "<group>"; };
		020908311EC0779C0006EDE1 /* MusicDatabase.xcdatamodel */ = {isa = PBXFileReference; lastKnownFileType = wrapper.xcdatamodel; path = MusicDatabase.xcdatamodel; sourceTree = "<group>"; };
		0209083B1EC0797E0006EDE1 /* Album+CoreDataClass.swift */ = {isa = PBXFileReference; fileEncoding = 4; lastKnownFileType = sourcecode.swift; path = "Album+CoreDataClass.swift"; sourceTree = "<group>"; };
		0209083C1EC0797E0006EDE1 /* Album+CoreDataProperties.swift */ = {isa = PBXFileReference; fileEncoding = 4; lastKnownFileType = sourcecode.swift; path = "Album+CoreDataProperties.swift"; sourceTree = "<group>"; };
		0209083D1EC0797E0006EDE1 /* Track+CoreDataClass.swift */ = {isa = PBXFileReference; fileEncoding = 4; lastKnownFileType = sourcecode.swift; path = "Track+CoreDataClass.swift"; sourceTree = "<group>"; };
		0209083E1EC0797E0006EDE1 /* Track+CoreDataProperties.swift */ = {isa = PBXFileReference; fileEncoding = 4; lastKnownFileType = sourcecode.swift; path = "Track+CoreDataProperties.swift"; sourceTree = "<group>"; };
		020908431EC0944D0006EDE1 /* MainCell.swift */ = {isa = PBXFileReference; fileEncoding = 4; lastKnownFileType = sourcecode.swift; path = MainCell.swift; sourceTree = "<group>"; };
		020908451EC0AFEB0006EDE1 /* SectionHeaderView.swift */ = {isa = PBXFileReference; fileEncoding = 4; lastKnownFileType = sourcecode.swift; path = SectionHeaderView.swift; sourceTree = "<group>"; };
		020908481EC1F6DC0006EDE1 /* TopAlbum.swift */ = {isa = PBXFileReference; fileEncoding = 4; lastKnownFileType = sourcecode.swift; path = TopAlbum.swift; sourceTree = "<group>"; };
		023674811EBEB351006DCC50 /* ImageCache.swift */ = {isa = PBXFileReference; fileEncoding = 4; lastKnownFileType = sourcecode.swift; path = ImageCache.swift; sourceTree = "<group>"; };
		023674831EBFC634006DCC50 /* Utils.swift */ = {isa = PBXFileReference; fileEncoding = 4; lastKnownFileType = sourcecode.swift; path = Utils.swift; sourceTree = "<group>"; };
		023674851EBFCA62006DCC50 /* Album+Functions.swift */ = {isa = PBXFileReference; fileEncoding = 4; lastKnownFileType = sourcecode.swift; path = "Album+Functions.swift"; sourceTree = "<group>"; };
		023674891EBFF141006DCC50 /* Track+Functions.swift */ = {isa = PBXFileReference; fileEncoding = 4; lastKnownFileType = sourcecode.swift; path = "Track+Functions.swift"; sourceTree = "<group>"; };
		02A78C061EBC9F5F001F110B /* Constants.swift */ = {isa = PBXFileReference; fileEncoding = 4; lastKnownFileType = sourcecode.swift; path = Constants.swift; sourceTree = "<group>"; };
		02A78C0A1EBCC424001F110B /* AlbumModel.swift */ = {isa = PBXFileReference; fileEncoding = 4; lastKnownFileType = sourcecode.swift; path = AlbumModel.swift; sourceTree = "<group>"; };
		02A78C0C1EBCCA39001F110B /* ApiService.swift */ = {isa = PBXFileReference; fileEncoding = 4; lastKnownFileType = sourcecode.swift; path = ApiService.swift; sourceTree = "<group>"; };
		02A78C0F1EBCDA00001F110B /* AlbumCell.swift */ = {isa = PBXFileReference; fileEncoding = 4; lastKnownFileType = sourcecode.swift; path = AlbumCell.swift; sourceTree = "<group>"; };
		02A78C121EBD60B3001F110B /* DetailViewController.swift */ = {isa = PBXFileReference; fileEncoding = 4; lastKnownFileType = sourcecode.swift; path = DetailViewController.swift; sourceTree = "<group>"; };
		02A78C161EBDD4B4001F110B /* GradientView.swift */ = {isa = PBXFileReference; fileEncoding = 4; lastKnownFileType = sourcecode.swift; path = GradientView.swift; sourceTree = "<group>"; };
		02A78C181EBDD9C4001F110B /* DataLoadOperation.swift */ = {isa = PBXFileReference; fileEncoding = 4; lastKnownFileType = sourcecode.swift; path = DataLoadOperation.swift; sourceTree = "<group>"; };
		02AB386F1EBE4F4E00D4A3D3 /* AlbumDetailsVC.swift */ = {isa = PBXFileReference; fileEncoding = 4; lastKnownFileType = sourcecode.swift; path = AlbumDetailsVC.swift; sourceTree = "<group>"; };
		02AB38711EBE7F8C00D4A3D3 /* TrackModel.swift */ = {isa = PBXFileReference; fileEncoding = 4; lastKnownFileType = sourcecode.swift; path = TrackModel.swift; sourceTree = "<group>"; };
		02BDB0001EBE135F0024391D /* MainVC.swift */ = {isa = PBXFileReference; fileEncoding = 4; lastKnownFileType = sourcecode.swift; path = MainVC.swift; sourceTree = "<group>"; };
		060360718AC41D3269B0D3F9 /* Pods-My MusicUITests.release.xcconfig */ = {isa = PBXFileReference; includeInIndex = 1; lastKnownFileType = text.xcconfig; name = "Pods-My MusicUITests.release.xcconfig"; path = "Pods/Target Support Files/Pods-My MusicUITests/Pods-My MusicUITests.release.xcconfig"; sourceTree = "<group>"; };
		0E5A0D753BF2763804976548 /* Pods_My_MusicTests.framework */ = {isa = PBXFileReference; explicitFileType = wrapper.framework; includeInIndex = 0; path = Pods_My_MusicTests.framework; sourceTree = BUILT_PRODUCTS_DIR; };
		147933E126AA66B5E806DB1A /* Pods-My MusicTests.release.xcconfig */ = {isa = PBXFileReference; includeInIndex = 1; lastKnownFileType = text.xcconfig; name = "Pods-My MusicTests.release.xcconfig"; path = "Pods/Target Support Files/Pods-My MusicTests/Pods-My MusicTests.release.xcconfig"; sourceTree = "<group>"; };
		2758914B8519EB315AB650CB /* Pods-My MusicTests.debug.xcconfig */ = {isa = PBXFileReference; includeInIndex = 1; lastKnownFileType = text.xcconfig; name = "Pods-My MusicTests.debug.xcconfig"; path = "Pods/Target Support Files/Pods-My MusicTests/Pods-My MusicTests.debug.xcconfig"; sourceTree = "<group>"; };
		39D6D11DAA7744B839657872 /* Pods_My_MusicUITests.framework */ = {isa = PBXFileReference; explicitFileType = wrapper.framework; includeInIndex = 0; path = Pods_My_MusicUITests.framework; sourceTree = BUILT_PRODUCTS_DIR; };
		9E20F08DC8D3C234E1DCE7C8 /* Pods_My_Music.framework */ = {isa = PBXFileReference; explicitFileType = wrapper.framework; includeInIndex = 0; path = Pods_My_Music.framework; sourceTree = BUILT_PRODUCTS_DIR; };
		CE9DA3249C95212A56887C41 /* Pods-My Music.debug.xcconfig */ = {isa = PBXFileReference; includeInIndex = 1; lastKnownFileType = text.xcconfig; name = "Pods-My Music.debug.xcconfig"; path = "Pods/Target Support Files/Pods-My Music/Pods-My Music.debug.xcconfig"; sourceTree = "<group>"; };
/* End PBXFileReference section */

/* Begin PBXFrameworksBuildPhase section */
		0207EC321EBBD87F00A1C9F3 /* Frameworks */ = {
			isa = PBXFrameworksBuildPhase;
			buildActionMask = 2147483647;
			files = (
				3CB906406A74620B59453F64 /* Pods_My_Music.framework in Frameworks */,
			);
			runOnlyForDeploymentPostprocessing = 0;
		};
		0207EC491EBBD87F00A1C9F3 /* Frameworks */ = {
			isa = PBXFrameworksBuildPhase;
			buildActionMask = 2147483647;
			files = (
				C540F01CC91DB4F16D39C0CA /* Pods_My_MusicTests.framework in Frameworks */,
			);
			runOnlyForDeploymentPostprocessing = 0;
		};
		0207EC541EBBD87F00A1C9F3 /* Frameworks */ = {
			isa = PBXFrameworksBuildPhase;
			buildActionMask = 2147483647;
			files = (
				182FD94CDD520E050A71ED94 /* Pods_My_MusicUITests.framework in Frameworks */,
			);
			runOnlyForDeploymentPostprocessing = 0;
		};
/* End PBXFrameworksBuildPhase section */

/* Begin PBXGroup section */
		0207EC2C1EBBD87F00A1C9F3 = {
			isa = PBXGroup;
			children = (
				0207EC371EBBD87F00A1C9F3 /* My Music */,
				0207EC4F1EBBD87F00A1C9F3 /* My MusicTests */,
				0207EC5A1EBBD87F00A1C9F3 /* My MusicUITests */,
				0207EC361EBBD87F00A1C9F3 /* Products */,
				9979E09B57E418908283E78D /* Pods */,
				12BD1983BF37DD4D73447BD0 /* Frameworks */,
			);
			sourceTree = "<group>";
		};
		0207EC361EBBD87F00A1C9F3 /* Products */ = {
			isa = PBXGroup;
			children = (
				0207EC351EBBD87F00A1C9F3 /* My Music.app */,
				0207EC4C1EBBD87F00A1C9F3 /* My MusicTests.xctest */,
				0207EC571EBBD87F00A1C9F3 /* My MusicUITests.xctest */,
			);
			name = Products;
			sourceTree = "<group>";
		};
		0207EC371EBBD87F00A1C9F3 /* My Music */ = {
			isa = PBXGroup;
			children = (
				0207EC3C1EBBD87F00A1C9F3 /* Main.storyboard */,
				02A78C051EBC9F4C001F110B /* Utilites */,
				02A78C0E1EBCCA78001F110B /* Service */,
				02A78C041EBC9F3C001F110B /* Model */,
				02A78C111EBCE682001F110B /* View */,
				0207EC6C1EBBD90100A1C9F3 /* Controller */,
				0207EC6B1EBBD8F300A1C9F3 /* CoreData */,
				0207EC6A1EBBD8D100A1C9F3 /* Assets */,
				0207EC691EBBD88E00A1C9F3 /* ConvinientFiles */,
			);
			path = "My Music";
			sourceTree = "<group>";
		};
		0207EC4F1EBBD87F00A1C9F3 /* My MusicTests */ = {
			isa = PBXGroup;
			children = (
				0207EC501EBBD87F00A1C9F3 /* My_MusicTests.swift */,
				0207EC521EBBD87F00A1C9F3 /* Info.plist */,
			);
			path = "My MusicTests";
			sourceTree = "<group>";
		};
		0207EC5A1EBBD87F00A1C9F3 /* My MusicUITests */ = {
			isa = PBXGroup;
			children = (
				0207EC5B1EBBD87F00A1C9F3 /* My_MusicUITests.swift */,
				0207EC5D1EBBD87F00A1C9F3 /* Info.plist */,
			);
			path = "My MusicUITests";
			sourceTree = "<group>";
		};
		0207EC691EBBD88E00A1C9F3 /* ConvinientFiles */ = {
			isa = PBXGroup;
			children = (
				0207EC471EBBD87F00A1C9F3 /* Info.plist */,
				0207EC441EBBD87F00A1C9F3 /* LaunchScreen.storyboard */,
				0207EC381EBBD87F00A1C9F3 /* AppDelegate.swift */,
			);
			name = ConvinientFiles;
			sourceTree = "<group>";
		};
		0207EC6A1EBBD8D100A1C9F3 /* Assets */ = {
			isa = PBXGroup;
			children = (
				0207EC421EBBD87F00A1C9F3 /* Assets.xcassets */,
			);
			name = Assets;
			sourceTree = "<group>";
		};
		0207EC6B1EBBD8F300A1C9F3 /* CoreData */ = {
			isa = PBXGroup;
			children = (
				0209083B1EC0797E0006EDE1 /* Album+CoreDataClass.swift */,
				0209083C1EC0797E0006EDE1 /* Album+CoreDataProperties.swift */,
				023674851EBFCA62006DCC50 /* Album+Functions.swift */,
				0209083D1EC0797E0006EDE1 /* Track+CoreDataClass.swift */,
				0209083E1EC0797E0006EDE1 /* Track+CoreDataProperties.swift */,
				023674891EBFF141006DCC50 /* Track+Functions.swift */,
				020908301EC0779C0006EDE1 /* MusicDatabase.xcdatamodeld */,
			);
			name = CoreData;
			sourceTree = "<group>";
		};
		0207EC6C1EBBD90100A1C9F3 /* Controller */ = {
			isa = PBXGroup;
			children = (
				02BDB0001EBE135F0024391D /* MainVC.swift */,
				02A78C121EBD60B3001F110B /* DetailViewController.swift */,
				0207EC6F1EBBDB8600A1C9F3 /* AddAlbumVC.swift */,
				02AB386F1EBE4F4E00D4A3D3 /* AlbumDetailsVC.swift */,
			);
			name = Controller;
			sourceTree = "<group>";
		};
		02A78C041EBC9F3C001F110B /* Model */ = {
			isa = PBXGroup;
			children = (
				020908481EC1F6DC0006EDE1 /* TopAlbum.swift */,
				02A78C0A1EBCC424001F110B /* AlbumModel.swift */,
				02AB38711EBE7F8C00D4A3D3 /* TrackModel.swift */,
			);
			name = Model;
			sourceTree = "<group>";
		};
		02A78C051EBC9F4C001F110B /* Utilites */ = {
			isa = PBXGroup;
			children = (
				02A78C061EBC9F5F001F110B /* Constants.swift */,
				023674831EBFC634006DCC50 /* Utils.swift */,
			);
			name = Utilites;
			sourceTree = "<group>";
		};
		02A78C0E1EBCCA78001F110B /* Service */ = {
			isa = PBXGroup;
			children = (
				02A78C0C1EBCCA39001F110B /* ApiService.swift */,
				02A78C181EBDD9C4001F110B /* DataLoadOperation.swift */,
				023674811EBEB351006DCC50 /* ImageCache.swift */,
			);
			name = Service;
			sourceTree = "<group>";
		};
		02A78C111EBCE682001F110B /* View */ = {
			isa = PBXGroup;
			children = (
				020908431EC0944D0006EDE1 /* MainCell.swift */,
				02A78C0F1EBCDA00001F110B /* AlbumCell.swift */,
				02A78C161EBDD4B4001F110B /* GradientView.swift */,
				020908451EC0AFEB0006EDE1 /* SectionHeaderView.swift */,
			);
			name = View;
			sourceTree = "<group>";
		};
		12BD1983BF37DD4D73447BD0 /* Frameworks */ = {
			isa = PBXGroup;
			children = (
				9E20F08DC8D3C234E1DCE7C8 /* Pods_My_Music.framework */,
				0E5A0D753BF2763804976548 /* Pods_My_MusicTests.framework */,
				39D6D11DAA7744B839657872 /* Pods_My_MusicUITests.framework */,
			);
			name = Frameworks;
			sourceTree = "<group>";
		};
		9979E09B57E418908283E78D /* Pods */ = {
			isa = PBXGroup;
			children = (
				CE9DA3249C95212A56887C41 /* Pods-My Music.debug.xcconfig */,
				01958898D52BE37A4351555D /* Pods-My Music.release.xcconfig */,
				2758914B8519EB315AB650CB /* Pods-My MusicTests.debug.xcconfig */,
				147933E126AA66B5E806DB1A /* Pods-My MusicTests.release.xcconfig */,
				0077B8DFBD9BE1C93A9828A8 /* Pods-My MusicUITests.debug.xcconfig */,
				060360718AC41D3269B0D3F9 /* Pods-My MusicUITests.release.xcconfig */,
			);
			name = Pods;
			sourceTree = "<group>";
		};
/* End PBXGroup section */

/* Begin PBXNativeTarget section */
		0207EC341EBBD87F00A1C9F3 /* My Music */ = {
			isa = PBXNativeTarget;
			buildConfigurationList = 0207EC601EBBD88000A1C9F3 /* Build configuration list for PBXNativeTarget "My Music" */;
			buildPhases = (
				407A23AF20F1A71302CEBEDC /* [CP] Check Pods Manifest.lock */,
				0207EC311EBBD87F00A1C9F3 /* Sources */,
				0207EC321EBBD87F00A1C9F3 /* Frameworks */,
				0207EC331EBBD87F00A1C9F3 /* Resources */,
				CE84360689BF723B1B4B6B2E /* [CP] Embed Pods Frameworks */,
				C0481CC28A17C3251BCD126C /* [CP] Copy Pods Resources */,
			);
			buildRules = (
			);
			dependencies = (
			);
			name = "My Music";
			productName = "My Music";
			productReference = 0207EC351EBBD87F00A1C9F3 /* My Music.app */;
			productType = "com.apple.product-type.application";
		};
		0207EC4B1EBBD87F00A1C9F3 /* My MusicTests */ = {
			isa = PBXNativeTarget;
			buildConfigurationList = 0207EC631EBBD88000A1C9F3 /* Build configuration list for PBXNativeTarget "My MusicTests" */;
			buildPhases = (
				EADF09AFFA4AB8E925B82820 /* [CP] Check Pods Manifest.lock */,
				0207EC481EBBD87F00A1C9F3 /* Sources */,
				0207EC491EBBD87F00A1C9F3 /* Frameworks */,
				0207EC4A1EBBD87F00A1C9F3 /* Resources */,
				889F03BE07F7380BC52B2C87 /* [CP] Embed Pods Frameworks */,
				5C40B0C765D52714ADAE0300 /* [CP] Copy Pods Resources */,
			);
			buildRules = (
			);
			dependencies = (
				0207EC4E1EBBD87F00A1C9F3 /* PBXTargetDependency */,
			);
			name = "My MusicTests";
			productName = "My MusicTests";
			productReference = 0207EC4C1EBBD87F00A1C9F3 /* My MusicTests.xctest */;
			productType = "com.apple.product-type.bundle.unit-test";
		};
		0207EC561EBBD87F00A1C9F3 /* My MusicUITests */ = {
			isa = PBXNativeTarget;
			buildConfigurationList = 0207EC661EBBD88000A1C9F3 /* Build configuration list for PBXNativeTarget "My MusicUITests" */;
			buildPhases = (
				6D81C3F50F45B8DABA454592 /* [CP] Check Pods Manifest.lock */,
				0207EC531EBBD87F00A1C9F3 /* Sources */,
				0207EC541EBBD87F00A1C9F3 /* Frameworks */,
				0207EC551EBBD87F00A1C9F3 /* Resources */,
				176A3A7A56A353219B46C034 /* [CP] Embed Pods Frameworks */,
				835240E836185D7540E7E87E /* [CP] Copy Pods Resources */,
			);
			buildRules = (
			);
			dependencies = (
				0207EC591EBBD87F00A1C9F3 /* PBXTargetDependency */,
			);
			name = "My MusicUITests";
			productName = "My MusicUITests";
			productReference = 0207EC571EBBD87F00A1C9F3 /* My MusicUITests.xctest */;
			productType = "com.apple.product-type.bundle.ui-testing";
		};
/* End PBXNativeTarget section */

/* Begin PBXProject section */
		0207EC2D1EBBD87F00A1C9F3 /* Project object */ = {
			isa = PBXProject;
			attributes = {
				LastSwiftUpdateCheck = 0830;
				LastUpgradeCheck = 0830;
				ORGANIZATIONNAME = "Sinisa Vukovic";
				TargetAttributes = {
					0207EC341EBBD87F00A1C9F3 = {
						CreatedOnToolsVersion = 8.3.2;
						DevelopmentTeam = P6XDXRR446;
						ProvisioningStyle = Automatic;
					};
					0207EC4B1EBBD87F00A1C9F3 = {
						CreatedOnToolsVersion = 8.3.2;
						DevelopmentTeam = P6XDXRR446;
						ProvisioningStyle = Automatic;
						TestTargetID = 0207EC341EBBD87F00A1C9F3;
					};
					0207EC561EBBD87F00A1C9F3 = {
						CreatedOnToolsVersion = 8.3.2;
						DevelopmentTeam = P6XDXRR446;
						ProvisioningStyle = Automatic;
						TestTargetID = 0207EC341EBBD87F00A1C9F3;
					};
				};
			};
			buildConfigurationList = 0207EC301EBBD87F00A1C9F3 /* Build configuration list for PBXProject "My Music" */;
			compatibilityVersion = "Xcode 3.2";
			developmentRegion = English;
			hasScannedForEncodings = 0;
			knownRegions = (
				en,
				Base,
			);
			mainGroup = 0207EC2C1EBBD87F00A1C9F3;
			productRefGroup = 0207EC361EBBD87F00A1C9F3 /* Products */;
			projectDirPath = "";
			projectRoot = "";
			targets = (
				0207EC341EBBD87F00A1C9F3 /* My Music */,
				0207EC4B1EBBD87F00A1C9F3 /* My MusicTests */,
				0207EC561EBBD87F00A1C9F3 /* My MusicUITests */,
			);
		};
/* End PBXProject section */

/* Begin PBXResourcesBuildPhase section */
		0207EC331EBBD87F00A1C9F3 /* Resources */ = {
			isa = PBXResourcesBuildPhase;
			buildActionMask = 2147483647;
			files = (
				0207EC461EBBD87F00A1C9F3 /* LaunchScreen.storyboard in Resources */,
				0207EC431EBBD87F00A1C9F3 /* Assets.xcassets in Resources */,
				0207EC3E1EBBD87F00A1C9F3 /* Main.storyboard in Resources */,
			);
			runOnlyForDeploymentPostprocessing = 0;
		};
		0207EC4A1EBBD87F00A1C9F3 /* Resources */ = {
			isa = PBXResourcesBuildPhase;
			buildActionMask = 2147483647;
			files = (
			);
			runOnlyForDeploymentPostprocessing = 0;
		};
		0207EC551EBBD87F00A1C9F3 /* Resources */ = {
			isa = PBXResourcesBuildPhase;
			buildActionMask = 2147483647;
			files = (
			);
			runOnlyForDeploymentPostprocessing = 0;
		};
/* End PBXResourcesBuildPhase section */

/* Begin PBXShellScriptBuildPhase section */
		176A3A7A56A353219B46C034 /* [CP] Embed Pods Frameworks */ = {
			isa = PBXShellScriptBuildPhase;
			buildActionMask = 2147483647;
			files = (
			);
			inputPaths = (
			);
			name = "[CP] Embed Pods Frameworks";
			outputPaths = (
			);
			runOnlyForDeploymentPostprocessing = 0;
			shellPath = /bin/sh;
			shellScript = "\"${SRCROOT}/Pods/Target Support Files/Pods-My MusicUITests/Pods-My MusicUITests-frameworks.sh\"\n";
			showEnvVarsInLog = 0;
		};
		407A23AF20F1A71302CEBEDC /* [CP] Check Pods Manifest.lock */ = {
			isa = PBXShellScriptBuildPhase;
			buildActionMask = 2147483647;
			files = (
			);
			inputPaths = (
			);
			name = "[CP] Check Pods Manifest.lock";
			outputPaths = (
			);
			runOnlyForDeploymentPostprocessing = 0;
			shellPath = /bin/sh;
			shellScript = "diff \"${PODS_PODFILE_DIR_PATH}/Podfile.lock\" \"${PODS_ROOT}/Manifest.lock\" > /dev/null\nif [ $? != 0 ] ; then\n    # print error to STDERR\n    echo \"error: The sandbox is not in sync with the Podfile.lock. Run 'pod install' or update your CocoaPods installation.\" >&2\n    exit 1\nfi\n";
			showEnvVarsInLog = 0;
		};
		5C40B0C765D52714ADAE0300 /* [CP] Copy Pods Resources */ = {
			isa = PBXShellScriptBuildPhase;
			buildActionMask = 2147483647;
			files = (
			);
			inputPaths = (
			);
			name = "[CP] Copy Pods Resources";
			outputPaths = (
			);
			runOnlyForDeploymentPostprocessing = 0;
			shellPath = /bin/sh;
			shellScript = "\"${SRCROOT}/Pods/Target Support Files/Pods-My MusicTests/Pods-My MusicTests-resources.sh\"\n";
			showEnvVarsInLog = 0;
		};
		6D81C3F50F45B8DABA454592 /* [CP] Check Pods Manifest.lock */ = {
			isa = PBXShellScriptBuildPhase;
			buildActionMask = 2147483647;
			files = (
			);
			inputPaths = (
			);
			name = "[CP] Check Pods Manifest.lock";
			outputPaths = (
			);
			runOnlyForDeploymentPostprocessing = 0;
			shellPath = /bin/sh;
			shellScript = "diff \"${PODS_PODFILE_DIR_PATH}/Podfile.lock\" \"${PODS_ROOT}/Manifest.lock\" > /dev/null\nif [ $? != 0 ] ; then\n    # print error to STDERR\n    echo \"error: The sandbox is not in sync with the Podfile.lock. Run 'pod install' or update your CocoaPods installation.\" >&2\n    exit 1\nfi\n";
			showEnvVarsInLog = 0;
		};
		835240E836185D7540E7E87E /* [CP] Copy Pods Resources */ = {
			isa = PBXShellScriptBuildPhase;
			buildActionMask = 2147483647;
			files = (
			);
			inputPaths = (
			);
			name = "[CP] Copy Pods Resources";
			outputPaths = (
			);
			runOnlyForDeploymentPostprocessing = 0;
			shellPath = /bin/sh;
			shellScript = "\"${SRCROOT}/Pods/Target Support Files/Pods-My MusicUITests/Pods-My MusicUITests-resources.sh\"\n";
			showEnvVarsInLog = 0;
		};
		889F03BE07F7380BC52B2C87 /* [CP] Embed Pods Frameworks */ = {
			isa = PBXShellScriptBuildPhase;
			buildActionMask = 2147483647;
			files = (
			);
			inputPaths = (
			);
			name = "[CP] Embed Pods Frameworks";
			outputPaths = (
			);
			runOnlyForDeploymentPostprocessing = 0;
			shellPath = /bin/sh;
			shellScript = "\"${SRCROOT}/Pods/Target Support Files/Pods-My MusicTests/Pods-My MusicTests-frameworks.sh\"\n";
			showEnvVarsInLog = 0;
		};
		C0481CC28A17C3251BCD126C /* [CP] Copy Pods Resources */ = {
			isa = PBXShellScriptBuildPhase;
			buildActionMask = 2147483647;
			files = (
			);
			inputPaths = (
			);
			name = "[CP] Copy Pods Resources";
			outputPaths = (
			);
			runOnlyForDeploymentPostprocessing = 0;
			shellPath = /bin/sh;
			shellScript = "\"${SRCROOT}/Pods/Target Support Files/Pods-My Music/Pods-My Music-resources.sh\"\n";
			showEnvVarsInLog = 0;
		};
		CE84360689BF723B1B4B6B2E /* [CP] Embed Pods Frameworks */ = {
			isa = PBXShellScriptBuildPhase;
			buildActionMask = 2147483647;
			files = (
			);
			inputPaths = (
			);
			name = "[CP] Embed Pods Frameworks";
			outputPaths = (
			);
			runOnlyForDeploymentPostprocessing = 0;
			shellPath = /bin/sh;
			shellScript = "\"${SRCROOT}/Pods/Target Support Files/Pods-My Music/Pods-My Music-frameworks.sh\"\n";
			showEnvVarsInLog = 0;
		};
		EADF09AFFA4AB8E925B82820 /* [CP] Check Pods Manifest.lock */ = {
			isa = PBXShellScriptBuildPhase;
			buildActionMask = 2147483647;
			files = (
			);
			inputPaths = (
			);
			name = "[CP] Check Pods Manifest.lock";
			outputPaths = (
			);
			runOnlyForDeploymentPostprocessing = 0;
			shellPath = /bin/sh;
			shellScript = "diff \"${PODS_PODFILE_DIR_PATH}/Podfile.lock\" \"${PODS_ROOT}/Manifest.lock\" > /dev/null\nif [ $? != 0 ] ; then\n    # print error to STDERR\n    echo \"error: The sandbox is not in sync with the Podfile.lock. Run 'pod install' or update your CocoaPods installation.\" >&2\n    exit 1\nfi\n";
			showEnvVarsInLog = 0;
		};
/* End PBXShellScriptBuildPhase section */

/* Begin PBXSourcesBuildPhase section */
		0207EC311EBBD87F00A1C9F3 /* Sources */ = {
			isa = PBXSourcesBuildPhase;
			buildActionMask = 2147483647;
			files = (
				02A78C101EBCDA00001F110B /* AlbumCell.swift in Sources */,
				02A78C071EBC9F5F001F110B /* Constants.swift in Sources */,
				0207EC701EBBDB8600A1C9F3 /* AddAlbumVC.swift in Sources */,
				020908401EC0797E0006EDE1 /* Album+CoreDataProperties.swift in Sources */,
				0207EC391EBBD87F00A1C9F3 /* AppDelegate.swift in Sources */,
				020908411EC0797E0006EDE1 /* Track+CoreDataClass.swift in Sources */,
				02BDB0011EBE135F0024391D /* MainVC.swift in Sources */,
				02AB38721EBE7F8C00D4A3D3 /* TrackModel.swift in Sources */,
				020908421EC0797E0006EDE1 /* Track+CoreDataProperties.swift in Sources */,
				020908461EC0AFEB0006EDE1 /* SectionHeaderView.swift in Sources */,
				020908321EC0779C0006EDE1 /* MusicDatabase.xcdatamodeld in Sources */,
				02A78C0B1EBCC424001F110B /* AlbumModel.swift in Sources */,
				02A78C0D1EBCCA39001F110B /* ApiService.swift in Sources */,
				0236748A1EBFF141006DCC50 /* Track+Functions.swift in Sources */,
				023674821EBEB351006DCC50 /* ImageCache.swift in Sources */,
				0209083F1EC0797E0006EDE1 /* Album+CoreDataClass.swift in Sources */,
				02A78C131EBD60B3001F110B /* DetailViewController.swift in Sources */,
				020908441EC0944D0006EDE1 /* MainCell.swift in Sources */,
				02AB38701EBE4F4E00D4A3D3 /* AlbumDetailsVC.swift in Sources */,
				02A78C171EBDD4B4001F110B /* GradientView.swift in Sources */,
				02A78C191EBDD9C4001F110B /* DataLoadOperation.swift in Sources */,
				020908491EC1F6DC0006EDE1 /* TopAlbum.swift in Sources */,
				023674861EBFCA62006DCC50 /* Album+Functions.swift in Sources */,
				023674841EBFC634006DCC50 /* Utils.swift in Sources */,
			);
			runOnlyForDeploymentPostprocessing = 0;
		};
		0207EC481EBBD87F00A1C9F3 /* Sources */ = {
			isa = PBXSourcesBuildPhase;
			buildActionMask = 2147483647;
			files = (
				0207EC511EBBD87F00A1C9F3 /* My_MusicTests.swift in Sources */,
			);
			runOnlyForDeploymentPostprocessing = 0;
		};
		0207EC531EBBD87F00A1C9F3 /* Sources */ = {
			isa = PBXSourcesBuildPhase;
			buildActionMask = 2147483647;
			files = (
				0207EC5C1EBBD87F00A1C9F3 /* My_MusicUITests.swift in Sources */,
			);
			runOnlyForDeploymentPostprocessing = 0;
		};
/* End PBXSourcesBuildPhase section */

/* Begin PBXTargetDependency section */
		0207EC4E1EBBD87F00A1C9F3 /* PBXTargetDependency */ = {
			isa = PBXTargetDependency;
			target = 0207EC341EBBD87F00A1C9F3 /* My Music */;
			targetProxy = 0207EC4D1EBBD87F00A1C9F3 /* PBXContainerItemProxy */;
		};
		0207EC591EBBD87F00A1C9F3 /* PBXTargetDependency */ = {
			isa = PBXTargetDependency;
			target = 0207EC341EBBD87F00A1C9F3 /* My Music */;
			targetProxy = 0207EC581EBBD87F00A1C9F3 /* PBXContainerItemProxy */;
		};
/* End PBXTargetDependency section */

/* Begin PBXVariantGroup section */
		0207EC3C1EBBD87F00A1C9F3 /* Main.storyboard */ = {
			isa = PBXVariantGroup;
			children = (
				0207EC3D1EBBD87F00A1C9F3 /* Base */,
			);
			name = Main.storyboard;
			sourceTree = "<group>";
		};
		0207EC441EBBD87F00A1C9F3 /* LaunchScreen.storyboard */ = {
			isa = PBXVariantGroup;
			children = (
				0207EC451EBBD87F00A1C9F3 /* Base */,
			);
			name = LaunchScreen.storyboard;
			sourceTree = "<group>";
		};
/* End PBXVariantGroup section */

/* Begin XCBuildConfiguration section */
		0207EC5E1EBBD88000A1C9F3 /* Debug */ = {
			isa = XCBuildConfiguration;
			buildSettings = {
				ALWAYS_SEARCH_USER_PATHS = NO;
				CLANG_ANALYZER_NONNULL = YES;
				CLANG_ANALYZER_NUMBER_OBJECT_CONVERSION = YES_AGGRESSIVE;
				CLANG_CXX_LANGUAGE_STANDARD = "gnu++0x";
				CLANG_CXX_LIBRARY = "libc++";
				CLANG_ENABLE_MODULES = YES;
				CLANG_ENABLE_OBJC_ARC = YES;
				CLANG_WARN_BOOL_CONVERSION = YES;
				CLANG_WARN_CONSTANT_CONVERSION = YES;
				CLANG_WARN_DIRECT_OBJC_ISA_USAGE = YES_ERROR;
				CLANG_WARN_DOCUMENTATION_COMMENTS = YES;
				CLANG_WARN_EMPTY_BODY = YES;
				CLANG_WARN_ENUM_CONVERSION = YES;
				CLANG_WARN_INFINITE_RECURSION = YES;
				CLANG_WARN_INT_CONVERSION = YES;
				CLANG_WARN_OBJC_ROOT_CLASS = YES_ERROR;
				CLANG_WARN_SUSPICIOUS_MOVE = YES;
				CLANG_WARN_UNREACHABLE_CODE = YES;
				CLANG_WARN__DUPLICATE_METHOD_MATCH = YES;
				"CODE_SIGN_IDENTITY[sdk=iphoneos*]" = "iPhone Developer";
				COPY_PHASE_STRIP = NO;
				DEBUG_INFORMATION_FORMAT = dwarf;
				ENABLE_STRICT_OBJC_MSGSEND = YES;
				ENABLE_TESTABILITY = YES;
				GCC_C_LANGUAGE_STANDARD = gnu99;
				GCC_DYNAMIC_NO_PIC = NO;
				GCC_NO_COMMON_BLOCKS = YES;
				GCC_OPTIMIZATION_LEVEL = 0;
				GCC_PREPROCESSOR_DEFINITIONS = (
					"DEBUG=1",
					"$(inherited)",
				);
				GCC_WARN_64_TO_32_BIT_CONVERSION = YES;
				GCC_WARN_ABOUT_RETURN_TYPE = YES_ERROR;
				GCC_WARN_UNDECLARED_SELECTOR = YES;
				GCC_WARN_UNINITIALIZED_AUTOS = YES_AGGRESSIVE;
				GCC_WARN_UNUSED_FUNCTION = YES;
				GCC_WARN_UNUSED_VARIABLE = YES;
				IPHONEOS_DEPLOYMENT_TARGET = 10.3;
				MTL_ENABLE_DEBUG_INFO = YES;
				ONLY_ACTIVE_ARCH = YES;
				SDKROOT = iphoneos;
				SWIFT_ACTIVE_COMPILATION_CONDITIONS = DEBUG;
				SWIFT_OPTIMIZATION_LEVEL = "-Onone";
				TARGETED_DEVICE_FAMILY = "1,2";
			};
			name = Debug;
		};
		0207EC5F1EBBD88000A1C9F3 /* Release */ = {
			isa = XCBuildConfiguration;
			buildSettings = {
				ALWAYS_SEARCH_USER_PATHS = NO;
				CLANG_ANALYZER_NONNULL = YES;
				CLANG_ANALYZER_NUMBER_OBJECT_CONVERSION = YES_AGGRESSIVE;
				CLANG_CXX_LANGUAGE_STANDARD = "gnu++0x";
				CLANG_CXX_LIBRARY = "libc++";
				CLANG_ENABLE_MODULES = YES;
				CLANG_ENABLE_OBJC_ARC = YES;
				CLANG_WARN_BOOL_CONVERSION = YES;
				CLANG_WARN_CONSTANT_CONVERSION = YES;
				CLANG_WARN_DIRECT_OBJC_ISA_USAGE = YES_ERROR;
				CLANG_WARN_DOCUMENTATION_COMMENTS = YES;
				CLANG_WARN_EMPTY_BODY = YES;
				CLANG_WARN_ENUM_CONVERSION = YES;
				CLANG_WARN_INFINITE_RECURSION = YES;
				CLANG_WARN_INT_CONVERSION = YES;
				CLANG_WARN_OBJC_ROOT_CLASS = YES_ERROR;
				CLANG_WARN_SUSPICIOUS_MOVE = YES;
				CLANG_WARN_UNREACHABLE_CODE = YES;
				CLANG_WARN__DUPLICATE_METHOD_MATCH = YES;
				"CODE_SIGN_IDENTITY[sdk=iphoneos*]" = "iPhone Developer";
				COPY_PHASE_STRIP = NO;
				DEBUG_INFORMATION_FORMAT = "dwarf-with-dsym";
				ENABLE_NS_ASSERTIONS = NO;
				ENABLE_STRICT_OBJC_MSGSEND = YES;
				GCC_C_LANGUAGE_STANDARD = gnu99;
				GCC_NO_COMMON_BLOCKS = YES;
				GCC_WARN_64_TO_32_BIT_CONVERSION = YES;
				GCC_WARN_ABOUT_RETURN_TYPE = YES_ERROR;
				GCC_WARN_UNDECLARED_SELECTOR = YES;
				GCC_WARN_UNINITIALIZED_AUTOS = YES_AGGRESSIVE;
				GCC_WARN_UNUSED_FUNCTION = YES;
				GCC_WARN_UNUSED_VARIABLE = YES;
				IPHONEOS_DEPLOYMENT_TARGET = 10.3;
				MTL_ENABLE_DEBUG_INFO = NO;
				SDKROOT = iphoneos;
				SWIFT_OPTIMIZATION_LEVEL = "-Owholemodule";
				TARGETED_DEVICE_FAMILY = "1,2";
				VALIDATE_PRODUCT = YES;
			};
			name = Release;
		};
		0207EC611EBBD88000A1C9F3 /* Debug */ = {
			isa = XCBuildConfiguration;
			baseConfigurationReference = CE9DA3249C95212A56887C41 /* Pods-My Music.debug.xcconfig */;
			buildSettings = {
				ASSETCATALOG_COMPILER_APPICON_NAME = AppIcon;
				DEVELOPMENT_TEAM = P6XDXRR446;
				INFOPLIST_FILE = "My Music/Info.plist";
				LD_RUNPATH_SEARCH_PATHS = "$(inherited) @executable_path/Frameworks";
				PRODUCT_BUNDLE_IDENTIFIER = "com.sinisa.vukovic.My-Music";
				PRODUCT_NAME = "$(TARGET_NAME)";
				SWIFT_VERSION = 3.0;
			};
			name = Debug;
		};
		0207EC621EBBD88000A1C9F3 /* Release */ = {
			isa = XCBuildConfiguration;
			baseConfigurationReference = 01958898D52BE37A4351555D /* Pods-My Music.release.xcconfig */;
			buildSettings = {
				ASSETCATALOG_COMPILER_APPICON_NAME = AppIcon;
				DEVELOPMENT_TEAM = P6XDXRR446;
				INFOPLIST_FILE = "My Music/Info.plist";
				LD_RUNPATH_SEARCH_PATHS = "$(inherited) @executable_path/Frameworks";
				PRODUCT_BUNDLE_IDENTIFIER = "com.sinisa.vukovic.My-Music";
				PRODUCT_NAME = "$(TARGET_NAME)";
				SWIFT_VERSION = 3.0;
			};
			name = Release;
		};
		0207EC641EBBD88000A1C9F3 /* Debug */ = {
			isa = XCBuildConfiguration;
			baseConfigurationReference = 2758914B8519EB315AB650CB /* Pods-My MusicTests.debug.xcconfig */;
			buildSettings = {
				ALWAYS_EMBED_SWIFT_STANDARD_LIBRARIES = YES;
				BUNDLE_LOADER = "$(TEST_HOST)";
				DEVELOPMENT_TEAM = P6XDXRR446;
				INFOPLIST_FILE = "My MusicTests/Info.plist";
				LD_RUNPATH_SEARCH_PATHS = "$(inherited) @executable_path/Frameworks @loader_path/Frameworks";
				PRODUCT_BUNDLE_IDENTIFIER = "com.sinisa.vukovic.My-MusicTests";
				PRODUCT_NAME = "$(TARGET_NAME)";
				SWIFT_VERSION = 3.0;
				TEST_HOST = "$(BUILT_PRODUCTS_DIR)/My Music.app/My Music";
			};
			name = Debug;
		};
		0207EC651EBBD88000A1C9F3 /* Release */ = {
			isa = XCBuildConfiguration;
			baseConfigurationReference = 147933E126AA66B5E806DB1A /* Pods-My MusicTests.release.xcconfig */;
			buildSettings = {
				ALWAYS_EMBED_SWIFT_STANDARD_LIBRARIES = YES;
				BUNDLE_LOADER = "$(TEST_HOST)";
				DEVELOPMENT_TEAM = P6XDXRR446;
				INFOPLIST_FILE = "My MusicTests/Info.plist";
				LD_RUNPATH_SEARCH_PATHS = "$(inherited) @executable_path/Frameworks @loader_path/Frameworks";
				PRODUCT_BUNDLE_IDENTIFIER = "com.sinisa.vukovic.My-MusicTests";
				PRODUCT_NAME = "$(TARGET_NAME)";
				SWIFT_VERSION = 3.0;
				TEST_HOST = "$(BUILT_PRODUCTS_DIR)/My Music.app/My Music";
			};
			name = Release;
		};
		0207EC671EBBD88000A1C9F3 /* Debug */ = {
			isa = XCBuildConfiguration;
			baseConfigurationReference = 0077B8DFBD9BE1C93A9828A8 /* Pods-My MusicUITests.debug.xcconfig */;
			buildSettings = {
				ALWAYS_EMBED_SWIFT_STANDARD_LIBRARIES = YES;
				DEVELOPMENT_TEAM = P6XDXRR446;
				INFOPLIST_FILE = "My MusicUITests/Info.plist";
				LD_RUNPATH_SEARCH_PATHS = "$(inherited) @executable_path/Frameworks @loader_path/Frameworks";
				PRODUCT_BUNDLE_IDENTIFIER = "com.sinisa.vukovic.My-MusicUITests";
				PRODUCT_NAME = "$(TARGET_NAME)";
				SWIFT_VERSION = 3.0;
				TEST_TARGET_NAME = "My Music";
			};
			name = Debug;
		};
		0207EC681EBBD88000A1C9F3 /* Release */ = {
			isa = XCBuildConfiguration;
			baseConfigurationReference = 060360718AC41D3269B0D3F9 /* Pods-My MusicUITests.release.xcconfig */;
			buildSettings = {
				ALWAYS_EMBED_SWIFT_STANDARD_LIBRARIES = YES;
				DEVELOPMENT_TEAM = P6XDXRR446;
				INFOPLIST_FILE = "My MusicUITests/Info.plist";
				LD_RUNPATH_SEARCH_PATHS = "$(inherited) @executable_path/Frameworks @loader_path/Frameworks";
				PRODUCT_BUNDLE_IDENTIFIER = "com.sinisa.vukovic.My-MusicUITests";
				PRODUCT_NAME = "$(TARGET_NAME)";
				SWIFT_VERSION = 3.0;
				TEST_TARGET_NAME = "My Music";
			};
			name = Release;
		};
/* End XCBuildConfiguration section */

/* Begin XCConfigurationList section */
		0207EC301EBBD87F00A1C9F3 /* Build configuration list for PBXProject "My Music" */ = {
			isa = XCConfigurationList;
			buildConfigurations = (
				0207EC5E1EBBD88000A1C9F3 /* Debug */,
				0207EC5F1EBBD88000A1C9F3 /* Release */,
			);
			defaultConfigurationIsVisible = 0;
			defaultConfigurationName = Release;
		};
		0207EC601EBBD88000A1C9F3 /* Build configuration list for PBXNativeTarget "My Music" */ = {
			isa = XCConfigurationList;
			buildConfigurations = (
				0207EC611EBBD88000A1C9F3 /* Debug */,
				0207EC621EBBD88000A1C9F3 /* Release */,
			);
			defaultConfigurationIsVisible = 0;
			defaultConfigurationName = Release;
		};
		0207EC631EBBD88000A1C9F3 /* Build configuration list for PBXNativeTarget "My MusicTests" */ = {
			isa = XCConfigurationList;
			buildConfigurations = (
				0207EC641EBBD88000A1C9F3 /* Debug */,
				0207EC651EBBD88000A1C9F3 /* Release */,
			);
			defaultConfigurationIsVisible = 0;
			defaultConfigurationName = Release;
		};
		0207EC661EBBD88000A1C9F3 /* Build configuration list for PBXNativeTarget "My MusicUITests" */ = {
			isa = XCConfigurationList;
			buildConfigurations = (
				0207EC671EBBD88000A1C9F3 /* Debug */,
				0207EC681EBBD88000A1C9F3 /* Release */,
			);
			defaultConfigurationIsVisible = 0;
			defaultConfigurationName = Release;
		};
/* End XCConfigurationList section */

/* Begin XCVersionGroup section */
		020908301EC0779C0006EDE1 /* MusicDatabase.xcdatamodeld */ = {
			isa = XCVersionGroup;
			children = (
				020908311EC0779C0006EDE1 /* MusicDatabase.xcdatamodel */,
			);
			currentVersion = 020908311EC0779C0006EDE1 /* MusicDatabase.xcdatamodel */;
			path = MusicDatabase.xcdatamodeld;
			sourceTree = "<group>";
			versionGroupType = wrapper.xcdatamodel;
		};
/* End XCVersionGroup section */
	};
	rootObject = 0207EC2D1EBBD87F00A1C9F3 /* Project object */;
}
